
Microsoft Visual Studio Solution File, Format Version 12.00
# Visual Studio Version 17
VisualStudioVersion = 17.5.33530.505
MinimumVisualStudioVersion = 10.0.40219.1
Project("{FAE04EC0-301F-11D3-BF4B-00C04F79EFBC}") = "Program1", "Program1\Program1.csproj", "{DB45B5BE-AA53-4210-B5A0-1D459A16605A}"
EndProject
Global
	GlobalSection(SolutionConfigurationPlatforms) = preSolution
		Debug|Any CPU = Debug|Any CPU
		Release|Any CPU = Release|Any CPU
	EndGlobalSection
	GlobalSection(ProjectConfigurationPlatforms) = postSolution
		{DB45B5BE-AA53-4210-B5A0-1D459A16605A}.Debug|Any CPU.ActiveCfg = Debug|Any CPU
		{DB45B5BE-AA53-4210-B5A0-1D459A16605A}.Debug|Any CPU.Build.0 = Debug|Any CPU
		{DB45B5BE-AA53-4210-B5A0-1D459A16605A}.Release|Any CPU.ActiveCfg = Release|Any CPU
		{DB45B5BE-AA53-4210-B5A0-1D459A16605A}.Release|Any CPU.Build.0 = Release|Any CPU
	EndGlobalSection
	GlobalSection(SolutionProperties) = preSolution
		HideSolutionNode = FALSE
	EndGlobalSection
	GlobalSection(ExtensibilityGlobals) = postSolution
		SolutionGuid = {0175E6DE-CFB3-4E9C-9D34-47BF77F8F087}
	EndGlobalSection
EndGlobal
